
Microsoft Visual Studio Solution File, Format Version 12.00
# Visual Studio Version 17
VisualStudioVersion = 17.3.32922.545
MinimumVisualStudioVersion = 10.0.40219.1
Project("{FAE04EC0-301F-11D3-BF4B-00C04F79EFBC}") = "aspl5", "aspl5\aspl5.csproj", "{91788303-D2C0-4D1A-BF60-EB0636DBA7B6}"
EndProject
Project("{FAE04EC0-301F-11D3-BF4B-00C04F79EFBC}") = "TestProject1", "TestProject1\TestProject1.csproj", "{F493DECE-BFED-4D10-941D-EFBF8B530983}"
EndProject
Global
	GlobalSection(SolutionConfigurationPlatforms) = preSolution
		Debug|Any CPU = Debug|Any CPU
		Release|Any CPU = Release|Any CPU
	EndGlobalSection
	GlobalSection(ProjectConfigurationPlatforms) = postSolution
		{91788303-D2C0-4D1A-BF60-EB0636DBA7B6}.Debug|Any CPU.ActiveCfg = Debug|Any CPU
		{91788303-D2C0-4D1A-BF60-EB0636DBA7B6}.Debug|Any CPU.Build.0 = Debug|Any CPU
		{91788303-D2C0-4D1A-BF60-EB0636DBA7B6}.Release|Any CPU.ActiveCfg = Release|Any CPU
		{91788303-D2C0-4D1A-BF60-EB0636DBA7B6}.Release|Any CPU.Build.0 = Release|Any CPU
		{F493DECE-BFED-4D10-941D-EFBF8B530983}.Debug|Any CPU.ActiveCfg = Debug|Any CPU
		{F493DECE-BFED-4D10-941D-EFBF8B530983}.Debug|Any CPU.Build.0 = Debug|Any CPU
		{F493DECE-BFED-4D10-941D-EFBF8B530983}.Release|Any CPU.ActiveCfg = Release|Any CPU
		{F493DECE-BFED-4D10-941D-EFBF8B530983}.Release|Any CPU.Build.0 = Release|Any CPU
	EndGlobalSection
	GlobalSection(SolutionProperties) = preSolution
		HideSolutionNode = FALSE
	EndGlobalSection
	GlobalSection(ExtensibilityGlobals) = postSolution
		SolutionGuid = {17DD2701-DECE-4193-AA66-BBB710FC3136}
	EndGlobalSection
EndGlobal
